
Microsoft Visual Studio Solution File, Format Version 12.00
# Visual Studio Version 16
VisualStudioVersion = 16.0.30611.23
MinimumVisualStudioVersion = 10.0.40219.1
Project("{FAE04EC0-301F-11D3-BF4B-00C04F79EFBC}") = "Tindero", "Tindero\Tindero.csproj", "{9E4D5577-93AF-4671-AB22-6413D38FD1D8}"
EndProject
Project("{FAE04EC0-301F-11D3-BF4B-00C04F79EFBC}") = "Tindero.Tests", "Tindero.Tests\Tindero.Tests.csproj", "{A6D6D828-72DC-42C5-A1C9-61524F75985E}"
EndProject
Global
	GlobalSection(SolutionConfigurationPlatforms) = preSolution
		Debug|Any CPU = Debug|Any CPU
		Release|Any CPU = Release|Any CPU
	EndGlobalSection
	GlobalSection(ProjectConfigurationPlatforms) = postSolution
		{9E4D5577-93AF-4671-AB22-6413D38FD1D8}.Debug|Any CPU.ActiveCfg = Debug|Any CPU
		{9E4D5577-93AF-4671-AB22-6413D38FD1D8}.Debug|Any CPU.Build.0 = Debug|Any CPU
		{9E4D5577-93AF-4671-AB22-6413D38FD1D8}.Release|Any CPU.ActiveCfg = Release|Any CPU
		{9E4D5577-93AF-4671-AB22-6413D38FD1D8}.Release|Any CPU.Build.0 = Release|Any CPU
		{A6D6D828-72DC-42C5-A1C9-61524F75985E}.Debug|Any CPU.ActiveCfg = Debug|Any CPU
		{A6D6D828-72DC-42C5-A1C9-61524F75985E}.Debug|Any CPU.Build.0 = Debug|Any CPU
		{A6D6D828-72DC-42C5-A1C9-61524F75985E}.Release|Any CPU.ActiveCfg = Release|Any CPU
		{A6D6D828-72DC-42C5-A1C9-61524F75985E}.Release|Any CPU.Build.0 = Release|Any CPU
	EndGlobalSection
	GlobalSection(SolutionProperties) = preSolution
		HideSolutionNode = FALSE
	EndGlobalSection
	GlobalSection(ExtensibilityGlobals) = postSolution
		SolutionGuid = {A86B3B07-D5BB-4E08-9251-343A94FC3F81}
	EndGlobalSection
EndGlobal
